
Microsoft Visual Studio Solution File, Format Version 12.00
# Visual Studio Version 16
VisualStudioVersion = 16.0.29806.167
MinimumVisualStudioVersion = 10.0.40219.1
Project("{8BC9CEB8-8B4A-11D0-8D11-00A0C91BC942}") = "Perceptron_varios", "Perceptron_varios\Perceptron_varios.vcxproj", "{F9870DE8-6F7B-4B73-8D48-BA0BC1B2C943}"
EndProject
Project("{8BC9CEB8-8B4A-11D0-8D11-00A0C91BC942}") = "and_or_nand_Perceptron", "and_or_nand_Perceptron\and_or_nand_Perceptron.vcxproj", "{B3480FE8-8704-4577-B21C-AFD4194B5B1D}"
EndProject
Global
	GlobalSection(SolutionConfigurationPlatforms) = preSolution
		Debug|x64 = Debug|x64
		Debug|x86 = Debug|x86
		Release|x64 = Release|x64
		Release|x86 = Release|x86
	EndGlobalSection
	GlobalSection(ProjectConfigurationPlatforms) = postSolution
		{F9870DE8-6F7B-4B73-8D48-BA0BC1B2C943}.Debug|x64.ActiveCfg = Debug|x64
		{F9870DE8-6F7B-4B73-8D48-BA0BC1B2C943}.Debug|x64.Build.0 = Debug|x64
		{F9870DE8-6F7B-4B73-8D48-BA0BC1B2C943}.Debug|x86.ActiveCfg = Debug|Win32
		{F9870DE8-6F7B-4B73-8D48-BA0BC1B2C943}.Debug|x86.Build.0 = Debug|Win32
		{F9870DE8-6F7B-4B73-8D48-BA0BC1B2C943}.Release|x64.ActiveCfg = Release|x64
		{F9870DE8-6F7B-4B73-8D48-BA0BC1B2C943}.Release|x64.Build.0 = Release|x64
		{F9870DE8-6F7B-4B73-8D48-BA0BC1B2C943}.Release|x86.ActiveCfg = Release|Win32
		{F9870DE8-6F7B-4B73-8D48-BA0BC1B2C943}.Release|x86.Build.0 = Release|Win32
		{B3480FE8-8704-4577-B21C-AFD4194B5B1D}.Debug|x64.ActiveCfg = Debug|x64
		{B3480FE8-8704-4577-B21C-AFD4194B5B1D}.Debug|x64.Build.0 = Debug|x64
		{B3480FE8-8704-4577-B21C-AFD4194B5B1D}.Debug|x86.ActiveCfg = Debug|Win32
		{B3480FE8-8704-4577-B21C-AFD4194B5B1D}.Debug|x86.Build.0 = Debug|Win32
		{B3480FE8-8704-4577-B21C-AFD4194B5B1D}.Release|x64.ActiveCfg = Release|x64
		{B3480FE8-8704-4577-B21C-AFD4194B5B1D}.Release|x64.Build.0 = Release|x64
		{B3480FE8-8704-4577-B21C-AFD4194B5B1D}.Release|x86.ActiveCfg = Release|Win32
		{B3480FE8-8704-4577-B21C-AFD4194B5B1D}.Release|x86.Build.0 = Release|Win32
	EndGlobalSection
	GlobalSection(SolutionProperties) = preSolution
		HideSolutionNode = FALSE
	EndGlobalSection
	GlobalSection(ExtensibilityGlobals) = postSolution
		SolutionGuid = {9EF338BE-9E15-4CB5-A7F8-E39C24D4AF2E}
	EndGlobalSection
EndGlobal
